
Microsoft Visual Studio Solution File, Format Version 12.00
# Visual Studio 2012
Project("{2150E333-8FDC-42A3-9474-1A3956D46DE8}") = "js", "js", "{5AE3C894-5442-43DB-99DF-FF71FD5B723A}"
	ProjectSection(SolutionItems) = preProject
		..\extension\js\jasmine-html.js = ..\extension\js\jasmine-html.js
		..\extension\js\jasmine.js = ..\extension\js\jasmine.js
		..\extension\js\jquery-2.0.3.js = ..\extension\js\jquery-2.0.3.js
		..\extension\js\jquery.autoGrowInput.js = ..\extension\js\jquery.autoGrowInput.js
		..\extension\js\stratified.js = ..\extension\js\stratified.js
		..\extension\js\zirconium.chrome.sjs = ..\extension\js\zirconium.chrome.sjs
	EndProjectSection
EndProject
Project("{2150E333-8FDC-42A3-9474-1A3956D46DE8}") = "content-scripts", "content-scripts", "{E8E86F3F-DA9A-48B5-9998-F4A192AF0EEE}"
	ProjectSection(SolutionItems) = preProject
		..\extension\js\content-scripts\zirconium.chrome.content.js = ..\extension\js\content-scripts\zirconium.chrome.content.js
	EndProjectSection
EndProject
Project("{2150E333-8FDC-42A3-9474-1A3956D46DE8}") = "css", "css", "{87A31C3E-81CC-4CF9-9281-90066BCE2CBF}"
	ProjectSection(SolutionItems) = preProject
		..\extension\css\jasmine.css = ..\extension\css\jasmine.css
	EndProjectSection
EndProject
Project("{2150E333-8FDC-42A3-9474-1A3956D46DE8}") = "img", "img", "{DFB53DCE-F69D-426E-AE83-1FFCB3DA3C8E}"
	ProjectSection(SolutionItems) = preProject
		..\extension\img\icon.png = ..\extension\img\icon.png
	EndProjectSection
EndProject
Project("{2150E333-8FDC-42A3-9474-1A3956D46DE8}") = "extension", "extension", "{5418406F-581A-4783-AD9A-E4E6E18D0E9C}"
	ProjectSection(SolutionItems) = preProject
		..\extension\manifest.json = ..\extension\manifest.json
		..\extension\popup.html = ..\extension\popup.html
		..\extension\popup.js = ..\extension\popup.js
	EndProjectSection
EndProject
Global
	GlobalSection(SolutionProperties) = preSolution
		HideSolutionNode = FALSE
	EndGlobalSection
	GlobalSection(NestedProjects) = preSolution
		{5AE3C894-5442-43DB-99DF-FF71FD5B723A} = {5418406F-581A-4783-AD9A-E4E6E18D0E9C}
		{87A31C3E-81CC-4CF9-9281-90066BCE2CBF} = {5418406F-581A-4783-AD9A-E4E6E18D0E9C}
		{DFB53DCE-F69D-426E-AE83-1FFCB3DA3C8E} = {5418406F-581A-4783-AD9A-E4E6E18D0E9C}
		{E8E86F3F-DA9A-48B5-9998-F4A192AF0EEE} = {5AE3C894-5442-43DB-99DF-FF71FD5B723A}
	EndGlobalSection
EndGlobal
